
Microsoft Visual Studio Solution File, Format Version 12.00
# Visual Studio Version 16
VisualStudioVersion = 16.0.30114.105
MinimumVisualStudioVersion = 10.0.40219.1
Project("{FAE04EC0-301F-11D3-BF4B-00C04F79EFBC}") = "NaiveSharp", "NaiveSharp\NaiveSharp.csproj", "{EB5FD7C4-6735-4DE5-A292-358651270EED}"
EndProject
Project("{FAE04EC0-301F-11D3-BF4B-00C04F79EFBC}") = "NaiveSharp.Test", "NaiveSharp.Test\NaiveSharp.Test.csproj", "{A29E7BE2-6E04-4B2A-AC03-30441D50D395}"
EndProject
Global
	GlobalSection(SolutionConfigurationPlatforms) = preSolution
		Debug|Any CPU = Debug|Any CPU
		Release|Any CPU = Release|Any CPU
	EndGlobalSection
	GlobalSection(ProjectConfigurationPlatforms) = postSolution
		{EB5FD7C4-6735-4DE5-A292-358651270EED}.Debug|Any CPU.ActiveCfg = Debug|Any CPU
		{EB5FD7C4-6735-4DE5-A292-358651270EED}.Debug|Any CPU.Build.0 = Debug|Any CPU
		{EB5FD7C4-6735-4DE5-A292-358651270EED}.Release|Any CPU.ActiveCfg = Release|Any CPU
		{EB5FD7C4-6735-4DE5-A292-358651270EED}.Release|Any CPU.Build.0 = Release|Any CPU
		{A29E7BE2-6E04-4B2A-AC03-30441D50D395}.Debug|Any CPU.ActiveCfg = Debug|Any CPU
		{A29E7BE2-6E04-4B2A-AC03-30441D50D395}.Debug|Any CPU.Build.0 = Debug|Any CPU
		{A29E7BE2-6E04-4B2A-AC03-30441D50D395}.Release|Any CPU.ActiveCfg = Release|Any CPU
		{A29E7BE2-6E04-4B2A-AC03-30441D50D395}.Release|Any CPU.Build.0 = Release|Any CPU
	EndGlobalSection
	GlobalSection(SolutionProperties) = preSolution
		HideSolutionNode = FALSE
	EndGlobalSection
	GlobalSection(ExtensibilityGlobals) = postSolution
		SolutionGuid = {103CCAAF-CF3C-445B-A523-751B5131DE91}
	EndGlobalSection
EndGlobal
